
Microsoft Visual Studio Solution File, Format Version 12.00
# Visual Studio Version 17
VisualStudioVersion = 17.6.33723.286
MinimumVisualStudioVersion = 10.0.40219.1
Project("{9A19103F-16F7-4668-BE54-9A1E7A4F7556}") = "WebAPI", "WebAPI\WebAPI.csproj", "{AA3BFC63-5F33-4BC3-BC25-1CEB728BBB58}"
EndProject
Project("{FAE04EC0-301F-11D3-BF4B-00C04F79EFBC}") = "BOD.IdentitySrv", "BOD.IdentitySrv\BOD.IdentitySrv.csproj", "{F7F74DE8-1BC4-4E6A-B5C5-A85CE07DABCE}"
EndProject
Global
	GlobalSection(SolutionConfigurationPlatforms) = preSolution
		Debug|Any CPU = Debug|Any CPU
		Release|Any CPU = Release|Any CPU
	EndGlobalSection
	GlobalSection(ProjectConfigurationPlatforms) = postSolution
		{AA3BFC63-5F33-4BC3-BC25-1CEB728BBB58}.Debug|Any CPU.ActiveCfg = Debug|Any CPU
		{AA3BFC63-5F33-4BC3-BC25-1CEB728BBB58}.Debug|Any CPU.Build.0 = Debug|Any CPU
		{AA3BFC63-5F33-4BC3-BC25-1CEB728BBB58}.Release|Any CPU.ActiveCfg = Release|Any CPU
		{AA3BFC63-5F33-4BC3-BC25-1CEB728BBB58}.Release|Any CPU.Build.0 = Release|Any CPU
		{F7F74DE8-1BC4-4E6A-B5C5-A85CE07DABCE}.Debug|Any CPU.ActiveCfg = Debug|Any CPU
		{F7F74DE8-1BC4-4E6A-B5C5-A85CE07DABCE}.Debug|Any CPU.Build.0 = Debug|Any CPU
		{F7F74DE8-1BC4-4E6A-B5C5-A85CE07DABCE}.Release|Any CPU.ActiveCfg = Release|Any CPU
		{F7F74DE8-1BC4-4E6A-B5C5-A85CE07DABCE}.Release|Any CPU.Build.0 = Release|Any CPU
	EndGlobalSection
	GlobalSection(SolutionProperties) = preSolution
		HideSolutionNode = FALSE
	EndGlobalSection
EndGlobal
